
Microsoft Visual Studio Solution File, Format Version 12.00
# Visual Studio 15
VisualStudioVersion = 15.0.27130.2020
MinimumVisualStudioVersion = 10.0.40219.1
Project("{9A19103F-16F7-4668-BE54-9A1E7A4F7556}") = "LearningCSharp", "LearningCsharp\LearningCSharp.csproj", "{7A1128F3-6603-4321-B4E6-4F8F90FF9F30}"
EndProject
Project("{FAE04EC0-301F-11D3-BF4B-00C04F79EFBC}") = "CSharpIntermediate", "CSharpIntermediate\CSharpIntermediate.csproj", "{E1F92170-2756-4BA2-AF41-078BDF294892}"
EndProject
Project("{9A19103F-16F7-4668-BE54-9A1E7A4F7556}") = "MethodsLearning", "MethodsLearning\MethodsLearning.csproj", "{1DBBDBA2-9FCA-499B-AB86-7BD661CBEE54}"
EndProject
Project("{9A19103F-16F7-4668-BE54-9A1E7A4F7556}") = "InterfacesImpl", "InterfacesImpl\InterfacesImpl.csproj", "{A211B949-E897-40A3-A1F3-8B943DB97AB1}"
EndProject
Project("{9A19103F-16F7-4668-BE54-9A1E7A4F7556}") = "CSharpAdvanced", "CSharpAdvanced\CSharpAdvanced.csproj", "{C8999963-CAC5-4E1F-B5FF-4BC640CBD697}"
EndProject
Project("{9A19103F-16F7-4668-BE54-9A1E7A4F7556}") = "EventsAndDeligates", "EventsAndDeligates\EventsAndDeligates.csproj", "{C72A39DB-3504-42E1-A277-CE210C7AB02E}"
EndProject
Project("{9A19103F-16F7-4668-BE54-9A1E7A4F7556}") = "Generics", "Generics\Generics.csproj", "{EED794B9-AFF7-4AAA-AEB7-D48C9193353A}"
EndProject
Project("{9A19103F-16F7-4668-BE54-9A1E7A4F7556}") = "DesignPatterns", "DesignPatterns\DesignPatterns.csproj", "{C9766BC5-AA41-4223-A57D-349D97CD35E1}"
EndProject
Global
	GlobalSection(SolutionConfigurationPlatforms) = preSolution
		Debug|Any CPU = Debug|Any CPU
		Release|Any CPU = Release|Any CPU
	EndGlobalSection
	GlobalSection(ProjectConfigurationPlatforms) = postSolution
		{7A1128F3-6603-4321-B4E6-4F8F90FF9F30}.Debug|Any CPU.ActiveCfg = Debug|Any CPU
		{7A1128F3-6603-4321-B4E6-4F8F90FF9F30}.Debug|Any CPU.Build.0 = Debug|Any CPU
		{7A1128F3-6603-4321-B4E6-4F8F90FF9F30}.Release|Any CPU.ActiveCfg = Release|Any CPU
		{7A1128F3-6603-4321-B4E6-4F8F90FF9F30}.Release|Any CPU.Build.0 = Release|Any CPU
		{E1F92170-2756-4BA2-AF41-078BDF294892}.Debug|Any CPU.ActiveCfg = Debug|Any CPU
		{E1F92170-2756-4BA2-AF41-078BDF294892}.Debug|Any CPU.Build.0 = Debug|Any CPU
		{E1F92170-2756-4BA2-AF41-078BDF294892}.Release|Any CPU.ActiveCfg = Release|Any CPU
		{E1F92170-2756-4BA2-AF41-078BDF294892}.Release|Any CPU.Build.0 = Release|Any CPU
		{1DBBDBA2-9FCA-499B-AB86-7BD661CBEE54}.Debug|Any CPU.ActiveCfg = Debug|Any CPU
		{1DBBDBA2-9FCA-499B-AB86-7BD661CBEE54}.Debug|Any CPU.Build.0 = Debug|Any CPU
		{1DBBDBA2-9FCA-499B-AB86-7BD661CBEE54}.Release|Any CPU.ActiveCfg = Release|Any CPU
		{1DBBDBA2-9FCA-499B-AB86-7BD661CBEE54}.Release|Any CPU.Build.0 = Release|Any CPU
		{A211B949-E897-40A3-A1F3-8B943DB97AB1}.Debug|Any CPU.ActiveCfg = Debug|Any CPU
		{A211B949-E897-40A3-A1F3-8B943DB97AB1}.Debug|Any CPU.Build.0 = Debug|Any CPU
		{A211B949-E897-40A3-A1F3-8B943DB97AB1}.Release|Any CPU.ActiveCfg = Release|Any CPU
		{A211B949-E897-40A3-A1F3-8B943DB97AB1}.Release|Any CPU.Build.0 = Release|Any CPU
		{C8999963-CAC5-4E1F-B5FF-4BC640CBD697}.Debug|Any CPU.ActiveCfg = Debug|Any CPU
		{C8999963-CAC5-4E1F-B5FF-4BC640CBD697}.Debug|Any CPU.Build.0 = Debug|Any CPU
		{C8999963-CAC5-4E1F-B5FF-4BC640CBD697}.Release|Any CPU.ActiveCfg = Release|Any CPU
		{C8999963-CAC5-4E1F-B5FF-4BC640CBD697}.Release|Any CPU.Build.0 = Release|Any CPU
		{C72A39DB-3504-42E1-A277-CE210C7AB02E}.Debug|Any CPU.ActiveCfg = Debug|Any CPU
		{C72A39DB-3504-42E1-A277-CE210C7AB02E}.Debug|Any CPU.Build.0 = Debug|Any CPU
		{C72A39DB-3504-42E1-A277-CE210C7AB02E}.Release|Any CPU.ActiveCfg = Release|Any CPU
		{C72A39DB-3504-42E1-A277-CE210C7AB02E}.Release|Any CPU.Build.0 = Release|Any CPU
		{EED794B9-AFF7-4AAA-AEB7-D48C9193353A}.Debug|Any CPU.ActiveCfg = Debug|Any CPU
		{EED794B9-AFF7-4AAA-AEB7-D48C9193353A}.Debug|Any CPU.Build.0 = Debug|Any CPU
		{EED794B9-AFF7-4AAA-AEB7-D48C9193353A}.Release|Any CPU.ActiveCfg = Release|Any CPU
		{EED794B9-AFF7-4AAA-AEB7-D48C9193353A}.Release|Any CPU.Build.0 = Release|Any CPU
		{C9766BC5-AA41-4223-A57D-349D97CD35E1}.Debug|Any CPU.ActiveCfg = Debug|Any CPU
		{C9766BC5-AA41-4223-A57D-349D97CD35E1}.Debug|Any CPU.Build.0 = Debug|Any CPU
		{C9766BC5-AA41-4223-A57D-349D97CD35E1}.Release|Any CPU.ActiveCfg = Release|Any CPU
		{C9766BC5-AA41-4223-A57D-349D97CD35E1}.Release|Any CPU.Build.0 = Release|Any CPU
	EndGlobalSection
	GlobalSection(SolutionProperties) = preSolution
		HideSolutionNode = FALSE
	EndGlobalSection
	GlobalSection(ExtensibilityGlobals) = postSolution
		SolutionGuid = {0375B8EC-9F2E-4664-B9AE-D1AD59986583}
	EndGlobalSection
EndGlobal
