
Microsoft Visual Studio Solution File, Format Version 12.00
# Visual Studio 15
VisualStudioVersion = 15.0.27130.2020
MinimumVisualStudioVersion = 10.0.40219.1
Project("{FAE04EC0-301F-11D3-BF4B-00C04F79EFBC}") = "NHibernateImpl", "NHibernateImpl\NHibernateImpl.csproj", "{907FC4C0-83F2-45EB-95B4-FA13F7222526}"
EndProject
Global
	GlobalSection(SolutionConfigurationPlatforms) = preSolution
		Debug|Any CPU = Debug|Any CPU
		Release|Any CPU = Release|Any CPU
	EndGlobalSection
	GlobalSection(ProjectConfigurationPlatforms) = postSolution
		{907FC4C0-83F2-45EB-95B4-FA13F7222526}.Debug|Any CPU.ActiveCfg = Debug|Any CPU
		{907FC4C0-83F2-45EB-95B4-FA13F7222526}.Debug|Any CPU.Build.0 = Debug|Any CPU
		{907FC4C0-83F2-45EB-95B4-FA13F7222526}.Release|Any CPU.ActiveCfg = Release|Any CPU
		{907FC4C0-83F2-45EB-95B4-FA13F7222526}.Release|Any CPU.Build.0 = Release|Any CPU
	EndGlobalSection
	GlobalSection(SolutionProperties) = preSolution
		HideSolutionNode = FALSE
	EndGlobalSection
	GlobalSection(ExtensibilityGlobals) = postSolution
		SolutionGuid = {A5D82594-CD1A-408F-B62A-CC5D65B20F82}
	EndGlobalSection
EndGlobal
